
Microsoft Visual Studio Solution File, Format Version 12.00
# Visual Studio Version 16
VisualStudioVersion = 16.0.31205.134
MinimumVisualStudioVersion = 10.0.40219.1
Project("{FAE04EC0-301F-11D3-BF4B-00C04F79EFBC}") = "CntkTitanic2", "CntkTitanic2\CntkTitanic2.csproj", "{EFE2CFA9-D643-4956-861D-69623D48E13F}"
EndProject
Global
	GlobalSection(SolutionConfigurationPlatforms) = preSolution
		Debug|Any CPU = Debug|Any CPU
		Debug|x64 = Debug|x64
		Release|Any CPU = Release|Any CPU
		Release|x64 = Release|x64
	EndGlobalSection
	GlobalSection(ProjectConfigurationPlatforms) = postSolution
		{EFE2CFA9-D643-4956-861D-69623D48E13F}.Debug|Any CPU.ActiveCfg = Debug|Any CPU
		{EFE2CFA9-D643-4956-861D-69623D48E13F}.Debug|Any CPU.Build.0 = Debug|Any CPU
		{EFE2CFA9-D643-4956-861D-69623D48E13F}.Debug|x64.ActiveCfg = Debug|x64
		{EFE2CFA9-D643-4956-861D-69623D48E13F}.Debug|x64.Build.0 = Debug|x64
		{EFE2CFA9-D643-4956-861D-69623D48E13F}.Release|Any CPU.ActiveCfg = Release|Any CPU
		{EFE2CFA9-D643-4956-861D-69623D48E13F}.Release|Any CPU.Build.0 = Release|Any CPU
		{EFE2CFA9-D643-4956-861D-69623D48E13F}.Release|x64.ActiveCfg = Release|x64
		{EFE2CFA9-D643-4956-861D-69623D48E13F}.Release|x64.Build.0 = Release|x64
	EndGlobalSection
	GlobalSection(SolutionProperties) = preSolution
		HideSolutionNode = FALSE
	EndGlobalSection
	GlobalSection(ExtensibilityGlobals) = postSolution
		SolutionGuid = {996F9451-8A18-452B-859B-BDC672136E2C}
	EndGlobalSection
EndGlobal
